
Microsoft Visual Studio Solution File, Format Version 12.00
# Visual Studio Version 16
VisualStudioVersion = 16.0.34729.46
MinimumVisualStudioVersion = 10.0.40219.1
Project("{FAE04EC0-301F-11D3-BF4B-00C04F79EFBC}") = "LibraryManagementSys", "LibraryManagementSys\LibraryManagementSys.csproj", "{D2E5A2EB-E9D8-4A93-AF59-8ADBFC05491B}"
EndProject
Global
	GlobalSection(SolutionConfigurationPlatforms) = preSolution
		Debug|Any CPU = Debug|Any CPU
		Release|Any CPU = Release|Any CPU
	EndGlobalSection
	GlobalSection(ProjectConfigurationPlatforms) = postSolution
		{D2E5A2EB-E9D8-4A93-AF59-8ADBFC05491B}.Debug|Any CPU.ActiveCfg = Debug|Any CPU
		{D2E5A2EB-E9D8-4A93-AF59-8ADBFC05491B}.Debug|Any CPU.Build.0 = Debug|Any CPU
		{D2E5A2EB-E9D8-4A93-AF59-8ADBFC05491B}.Release|Any CPU.ActiveCfg = Release|Any CPU
		{D2E5A2EB-E9D8-4A93-AF59-8ADBFC05491B}.Release|Any CPU.Build.0 = Release|Any CPU
	EndGlobalSection
	GlobalSection(SolutionProperties) = preSolution
		HideSolutionNode = FALSE
	EndGlobalSection
	GlobalSection(ExtensibilityGlobals) = postSolution
		SolutionGuid = {16CAD2F3-D6F6-404F-99EB-B6F0BD1557AE}
	EndGlobalSection
EndGlobal
